
Microsoft Visual Studio Solution File, Format Version 12.00
# Visual Studio Version 16
VisualStudioVersion = 16.0.29230.47
MinimumVisualStudioVersion = 10.0.40219.1
Project("{FAE04EC0-301F-11D3-BF4B-00C04F79EFBC}") = "ClientCommunication", "projects\ClientCommunication\ClientCommunication.csproj", "{07F91DA1-9BBA-412E-9953-749C6465F213}"
EndProject
Project("{FAE04EC0-301F-11D3-BF4B-00C04F79EFBC}") = "GenericClientCommunication", "projects\GenericClientCommunication\GenericClientCommunication.csproj", "{06706E9B-49E1-4A56-B815-84EB9D5FACBB}"
EndProject
Global
	GlobalSection(SolutionConfigurationPlatforms) = preSolution
		Debug|Any CPU = Debug|Any CPU
		Release|Any CPU = Release|Any CPU
	EndGlobalSection
	GlobalSection(ProjectConfigurationPlatforms) = postSolution
		{07F91DA1-9BBA-412E-9953-749C6465F213}.Debug|Any CPU.ActiveCfg = Debug|Any CPU
		{07F91DA1-9BBA-412E-9953-749C6465F213}.Debug|Any CPU.Build.0 = Debug|Any CPU
		{07F91DA1-9BBA-412E-9953-749C6465F213}.Release|Any CPU.ActiveCfg = Release|Any CPU
		{07F91DA1-9BBA-412E-9953-749C6465F213}.Release|Any CPU.Build.0 = Release|Any CPU
		{06706E9B-49E1-4A56-B815-84EB9D5FACBB}.Debug|Any CPU.ActiveCfg = Debug|Any CPU
		{06706E9B-49E1-4A56-B815-84EB9D5FACBB}.Debug|Any CPU.Build.0 = Debug|Any CPU
		{06706E9B-49E1-4A56-B815-84EB9D5FACBB}.Release|Any CPU.ActiveCfg = Release|Any CPU
		{06706E9B-49E1-4A56-B815-84EB9D5FACBB}.Release|Any CPU.Build.0 = Release|Any CPU
	EndGlobalSection
	GlobalSection(SolutionProperties) = preSolution
		HideSolutionNode = FALSE
	EndGlobalSection
	GlobalSection(ExtensibilityGlobals) = postSolution
		SolutionGuid = {C0534311-27EA-4F52-91F9-FCB7A4C3F7EA}
	EndGlobalSection
EndGlobal
